
Microsoft Visual Studio Solution File, Format Version 12.00
# Visual Studio Version 17
VisualStudioVersion = 17.5.33530.505
MinimumVisualStudioVersion = 10.0.40219.1
Project("{FAE04EC0-301F-11D3-BF4B-00C04F79EFBC}") = "webServisKullanim", "webServisKullanim\webServisKullanim.csproj", "{D7EB8F43-8B99-45A6-B33A-8282FEB4AE67}"
EndProject
Global
	GlobalSection(SolutionConfigurationPlatforms) = preSolution
		Debug|Any CPU = Debug|Any CPU
		Release|Any CPU = Release|Any CPU
	EndGlobalSection
	GlobalSection(ProjectConfigurationPlatforms) = postSolution
		{D7EB8F43-8B99-45A6-B33A-8282FEB4AE67}.Debug|Any CPU.ActiveCfg = Debug|Any CPU
		{D7EB8F43-8B99-45A6-B33A-8282FEB4AE67}.Debug|Any CPU.Build.0 = Debug|Any CPU
		{D7EB8F43-8B99-45A6-B33A-8282FEB4AE67}.Release|Any CPU.ActiveCfg = Release|Any CPU
		{D7EB8F43-8B99-45A6-B33A-8282FEB4AE67}.Release|Any CPU.Build.0 = Release|Any CPU
	EndGlobalSection
	GlobalSection(SolutionProperties) = preSolution
		HideSolutionNode = FALSE
	EndGlobalSection
	GlobalSection(ExtensibilityGlobals) = postSolution
		SolutionGuid = {2242AA6F-770F-4C00-8634-F17CA5F9D7DF}
	EndGlobalSection
EndGlobal
